
Microsoft Visual Studio Solution File, Format Version 12.00
# Visual Studio Version 17
VisualStudioVersion = 17.5.002.0
MinimumVisualStudioVersion = 10.0.40219.1
Project("{9A19103F-16F7-4668-BE54-9A1E7A4F7556}") = "asp.net", "asp.net.csproj", "{E7D43177-E11D-44BF-BA9B-663B32E77359}"
EndProject
Global
	GlobalSection(SolutionConfigurationPlatforms) = preSolution
		Debug|Any CPU = Debug|Any CPU
		Release|Any CPU = Release|Any CPU
	EndGlobalSection
	GlobalSection(ProjectConfigurationPlatforms) = postSolution
		{E7D43177-E11D-44BF-BA9B-663B32E77359}.Debug|Any CPU.ActiveCfg = Debug|Any CPU
		{E7D43177-E11D-44BF-BA9B-663B32E77359}.Debug|Any CPU.Build.0 = Debug|Any CPU
		{E7D43177-E11D-44BF-BA9B-663B32E77359}.Release|Any CPU.ActiveCfg = Release|Any CPU
		{E7D43177-E11D-44BF-BA9B-663B32E77359}.Release|Any CPU.Build.0 = Release|Any CPU
	EndGlobalSection
	GlobalSection(SolutionProperties) = preSolution
		HideSolutionNode = FALSE
	EndGlobalSection
	GlobalSection(ExtensibilityGlobals) = postSolution
		SolutionGuid = {D9B672A6-266C-43E7-9668-6F2FFC1B2D83}
	EndGlobalSection
EndGlobal
